
Microsoft Visual Studio Solution File, Format Version 12.00
# Visual Studio Version 17
VisualStudioVersion = 17.0.32014.148
MinimumVisualStudioVersion = 10.0.40219.1
Project("{9A19103F-16F7-4668-BE54-9A1E7A4F7556}") = "AplicacaoEFCore", "AplicacaoEFCore\AplicacaoEFCore.csproj", "{808972E1-BC0F-430F-9F51-F29D2FF7B92A}"
EndProject
Project("{FAE04EC0-301F-11D3-BF4B-00C04F79EFBC}") = "AplicacaoEFCore.Testes", "AplicacaoEFCore.Testes\AplicacaoEFCore.Testes.csproj", "{3FC7AB85-75A4-4BCD-8D05-251D7173B4FF}"
EndProject
Global
	GlobalSection(SolutionConfigurationPlatforms) = preSolution
		Debug|Any CPU = Debug|Any CPU
		Release|Any CPU = Release|Any CPU
	EndGlobalSection
	GlobalSection(ProjectConfigurationPlatforms) = postSolution
		{808972E1-BC0F-430F-9F51-F29D2FF7B92A}.Debug|Any CPU.ActiveCfg = Debug|Any CPU
		{808972E1-BC0F-430F-9F51-F29D2FF7B92A}.Debug|Any CPU.Build.0 = Debug|Any CPU
		{808972E1-BC0F-430F-9F51-F29D2FF7B92A}.Release|Any CPU.ActiveCfg = Release|Any CPU
		{808972E1-BC0F-430F-9F51-F29D2FF7B92A}.Release|Any CPU.Build.0 = Release|Any CPU
		{3FC7AB85-75A4-4BCD-8D05-251D7173B4FF}.Debug|Any CPU.ActiveCfg = Debug|Any CPU
		{3FC7AB85-75A4-4BCD-8D05-251D7173B4FF}.Debug|Any CPU.Build.0 = Debug|Any CPU
		{3FC7AB85-75A4-4BCD-8D05-251D7173B4FF}.Release|Any CPU.ActiveCfg = Release|Any CPU
		{3FC7AB85-75A4-4BCD-8D05-251D7173B4FF}.Release|Any CPU.Build.0 = Release|Any CPU
	EndGlobalSection
	GlobalSection(SolutionProperties) = preSolution
		HideSolutionNode = FALSE
	EndGlobalSection
	GlobalSection(ExtensibilityGlobals) = postSolution
		SolutionGuid = {2BF00BED-8304-4AF0-BA5A-E5A0871DCCC9}
	EndGlobalSection
EndGlobal
